
Microsoft Visual Studio Solution File, Format Version 12.00
Project("{9A19103F-16F7-4668-BE54-9A1E7A4F7556}") = "_build", "build\_build.csproj", "{259A30DB-EEEC-4C72-8172-2567FE83BF08}"
EndProject
Project("{FAE04EC0-301F-11D3-BF4B-00C04F79EFBC}") = "Backend.Fx.DataSeeding", "src\Backend.Fx.DataSeeding\Backend.Fx.DataSeeding.csproj", "{A7A345AA-2177-4141-9F41-7A07237BC0E3}"
EndProject
Project("{FAE04EC0-301F-11D3-BF4B-00C04F79EFBC}") = "Backend.Fx.DataSeeding.Feature", "src\Backend.Fx.DataSeeding.Feature\Backend.Fx.DataSeeding.Feature.csproj", "{A4ED2EB4-0B71-42EA-A832-1A557EAC6E9F}"
EndProject
Project("{2150E333-8FDC-42A3-9474-1A3956D46DE8}") = "tests", "tests", "{FD5B80A1-5173-41D0-B3AC-C09E917D659D}"
EndProject
Project("{FAE04EC0-301F-11D3-BF4B-00C04F79EFBC}") = "Backend.Fx.DataSeeding.Tests", "tests\Backend.Fx.DataSeeding.Tests\Backend.Fx.DataSeeding.Tests.csproj", "{8CD40C8C-333D-4C59-BA00-9231AF1F51C0}"
EndProject
Project("{FAE04EC0-301F-11D3-BF4B-00C04F79EFBC}") = "Backend.Fx.DataSeeding.TestApplication", "tests\Backend.Fx.DataSeeding.TestApplication\Backend.Fx.DataSeeding.TestApplication.csproj", "{F54A337D-6CF7-44F7-AD64-2E67BF00BCEB}"
EndProject
Global
	GlobalSection(SolutionConfigurationPlatforms) = preSolution
		Debug|Any CPU = Debug|Any CPU
		Release|Any CPU = Release|Any CPU
	EndGlobalSection
	GlobalSection(ProjectConfigurationPlatforms) = postSolution
		{259A30DB-EEEC-4C72-8172-2567FE83BF08}.Debug|Any CPU.ActiveCfg = Debug|Any CPU
		{259A30DB-EEEC-4C72-8172-2567FE83BF08}.Release|Any CPU.ActiveCfg = Release|Any CPU
		{A7A345AA-2177-4141-9F41-7A07237BC0E3}.Debug|Any CPU.ActiveCfg = Debug|Any CPU
		{A7A345AA-2177-4141-9F41-7A07237BC0E3}.Debug|Any CPU.Build.0 = Debug|Any CPU
		{A7A345AA-2177-4141-9F41-7A07237BC0E3}.Release|Any CPU.ActiveCfg = Release|Any CPU
		{A7A345AA-2177-4141-9F41-7A07237BC0E3}.Release|Any CPU.Build.0 = Release|Any CPU
		{A4ED2EB4-0B71-42EA-A832-1A557EAC6E9F}.Debug|Any CPU.ActiveCfg = Debug|Any CPU
		{A4ED2EB4-0B71-42EA-A832-1A557EAC6E9F}.Debug|Any CPU.Build.0 = Debug|Any CPU
		{A4ED2EB4-0B71-42EA-A832-1A557EAC6E9F}.Release|Any CPU.ActiveCfg = Release|Any CPU
		{A4ED2EB4-0B71-42EA-A832-1A557EAC6E9F}.Release|Any CPU.Build.0 = Release|Any CPU
		{8CD40C8C-333D-4C59-BA00-9231AF1F51C0}.Debug|Any CPU.ActiveCfg = Debug|Any CPU
		{8CD40C8C-333D-4C59-BA00-9231AF1F51C0}.Debug|Any CPU.Build.0 = Debug|Any CPU
		{8CD40C8C-333D-4C59-BA00-9231AF1F51C0}.Release|Any CPU.ActiveCfg = Release|Any CPU
		{8CD40C8C-333D-4C59-BA00-9231AF1F51C0}.Release|Any CPU.Build.0 = Release|Any CPU
		{F54A337D-6CF7-44F7-AD64-2E67BF00BCEB}.Debug|Any CPU.ActiveCfg = Debug|Any CPU
		{F54A337D-6CF7-44F7-AD64-2E67BF00BCEB}.Debug|Any CPU.Build.0 = Debug|Any CPU
		{F54A337D-6CF7-44F7-AD64-2E67BF00BCEB}.Release|Any CPU.ActiveCfg = Release|Any CPU
		{F54A337D-6CF7-44F7-AD64-2E67BF00BCEB}.Release|Any CPU.Build.0 = Release|Any CPU
	EndGlobalSection
	GlobalSection(NestedProjects) = preSolution
		{8CD40C8C-333D-4C59-BA00-9231AF1F51C0} = {FD5B80A1-5173-41D0-B3AC-C09E917D659D}
		{F54A337D-6CF7-44F7-AD64-2E67BF00BCEB} = {FD5B80A1-5173-41D0-B3AC-C09E917D659D}
	EndGlobalSection
EndGlobal
